
Microsoft Visual Studio Solution File, Format Version 12.00
# Visual Studio Version 17
VisualStudioVersion = 17.5.002.0
MinimumVisualStudioVersion = 10.0.40219.1
Project("{9A19103F-16F7-4668-BE54-9A1E7A4F7556}") = "DNU_Library_web", "DNU_Library_web.csproj", "{541B0719-5289-4E7B-AD25-C062AD68B5B2}"
EndProject
Global
	GlobalSection(SolutionConfigurationPlatforms) = preSolution
		Debug|Any CPU = Debug|Any CPU
		Release|Any CPU = Release|Any CPU
	EndGlobalSection
	GlobalSection(ProjectConfigurationPlatforms) = postSolution
		{541B0719-5289-4E7B-AD25-C062AD68B5B2}.Debug|Any CPU.ActiveCfg = Debug|Any CPU
		{541B0719-5289-4E7B-AD25-C062AD68B5B2}.Debug|Any CPU.Build.0 = Debug|Any CPU
		{541B0719-5289-4E7B-AD25-C062AD68B5B2}.Release|Any CPU.ActiveCfg = Release|Any CPU
		{541B0719-5289-4E7B-AD25-C062AD68B5B2}.Release|Any CPU.Build.0 = Release|Any CPU
	EndGlobalSection
	GlobalSection(SolutionProperties) = preSolution
		HideSolutionNode = FALSE
	EndGlobalSection
	GlobalSection(ExtensibilityGlobals) = postSolution
		SolutionGuid = {DD2402C2-14A0-46B7-98AE-12324713ED32}
	EndGlobalSection
EndGlobal
